
Microsoft Visual Studio Solution File, Format Version 12.00
# Visual Studio 2013
VisualStudioVersion = 12.0.30723.0
MinimumVisualStudioVersion = 10.0.40219.1
Project("{FAE04EC0-301F-11D3-BF4B-00C04F79EFBC}") = "Sciendo.Music.Tests", "Sciendo.Index.Tests\Sciendo.Music.Tests.csproj", "{5E5FAE5D-0401-4BF0-ACA0-88E1AE109F8F}"
EndProject
Project("{FAE04EC0-301F-11D3-BF4B-00C04F79EFBC}") = "Sciendo.Music.Agent", "Sciendo.Indexer.Agent\Sciendo.Music.Agent.csproj", "{866D1694-DD87-4F37-B542-FF50863317DF}"
EndProject
Project("{2150E333-8FDC-42A3-9474-1A3956D46DE8}") = ".nuget", ".nuget", "{2EF93D0D-9FF1-4AFC-986C-E11CA8F5E20C}"
	ProjectSection(SolutionItems) = preProject
		.nuget\packages.config = .nuget\packages.config
	EndProjectSection
EndProject
Project("{FAE04EC0-301F-11D3-BF4B-00C04F79EFBC}") = "Sciendo.Index.Web", "Sciendo.Index.Web\Sciendo.Index.Web.csproj", "{DFB10CC4-E5B4-4727-8229-0E316A294891}"
EndProject
Project("{FAE04EC0-301F-11D3-BF4B-00C04F79EFBC}") = "Sciendo.Music.DataProviders", "Sciendo.Indexing.DataProviders\Sciendo.Music.DataProviders.csproj", "{E0E60437-5683-4AE7-A448-4848B4BDDD2A}"
EndProject
Project("{FAE04EC0-301F-11D3-BF4B-00C04F79EFBC}") = "Sciendo.Music.Mocks", "Sciendo.Music.Mocks\Sciendo.Music.Mocks.csproj", "{78A40273-5BAA-4FEF-82FB-390736D01503}"
EndProject
Project("{FAE04EC0-301F-11D3-BF4B-00C04F79EFBC}") = "Sciendo.Music.Contracts", "Sciendo.Music.Contracts\Sciendo.Music.Contracts.csproj", "{D132D9C7-2FB8-4C89-84AB-54A1A65532F1}"
EndProject
Project("{FAE04EC0-301F-11D3-BF4B-00C04F79EFBC}") = "Sciendo.Music.Real", "Sciendo.Music.Real\Sciendo.Music.Real.csproj", "{3919D695-CBD3-48F8-B799-339F1F52525F}"
EndProject
Project("{FAE04EC0-301F-11D3-BF4B-00C04F79EFBC}") = "Sciendo.Music.DataProviders.Mocks", "Sciendo.Music.DataProviders.Mocks\Sciendo.Music.DataProviders.Mocks.csproj", "{BDC85158-71A5-40EC-8EC5-008AAB403E1A}"
EndProject
Global
	GlobalSection(SolutionConfigurationPlatforms) = preSolution
		Debug|Any CPU = Debug|Any CPU
		Release|Any CPU = Release|Any CPU
	EndGlobalSection
	GlobalSection(ProjectConfigurationPlatforms) = postSolution
		{5E5FAE5D-0401-4BF0-ACA0-88E1AE109F8F}.Debug|Any CPU.ActiveCfg = Debug|Any CPU
		{5E5FAE5D-0401-4BF0-ACA0-88E1AE109F8F}.Debug|Any CPU.Build.0 = Debug|Any CPU
		{5E5FAE5D-0401-4BF0-ACA0-88E1AE109F8F}.Release|Any CPU.ActiveCfg = Release|Any CPU
		{5E5FAE5D-0401-4BF0-ACA0-88E1AE109F8F}.Release|Any CPU.Build.0 = Release|Any CPU
		{866D1694-DD87-4F37-B542-FF50863317DF}.Debug|Any CPU.ActiveCfg = Debug|Any CPU
		{866D1694-DD87-4F37-B542-FF50863317DF}.Debug|Any CPU.Build.0 = Debug|Any CPU
		{866D1694-DD87-4F37-B542-FF50863317DF}.Release|Any CPU.ActiveCfg = Release|Any CPU
		{866D1694-DD87-4F37-B542-FF50863317DF}.Release|Any CPU.Build.0 = Release|Any CPU
		{DFB10CC4-E5B4-4727-8229-0E316A294891}.Debug|Any CPU.ActiveCfg = Debug|Any CPU
		{DFB10CC4-E5B4-4727-8229-0E316A294891}.Debug|Any CPU.Build.0 = Debug|Any CPU
		{DFB10CC4-E5B4-4727-8229-0E316A294891}.Release|Any CPU.ActiveCfg = Release|Any CPU
		{DFB10CC4-E5B4-4727-8229-0E316A294891}.Release|Any CPU.Build.0 = Release|Any CPU
		{E0E60437-5683-4AE7-A448-4848B4BDDD2A}.Debug|Any CPU.ActiveCfg = Debug|Any CPU
		{E0E60437-5683-4AE7-A448-4848B4BDDD2A}.Debug|Any CPU.Build.0 = Debug|Any CPU
		{E0E60437-5683-4AE7-A448-4848B4BDDD2A}.Release|Any CPU.ActiveCfg = Release|Any CPU
		{E0E60437-5683-4AE7-A448-4848B4BDDD2A}.Release|Any CPU.Build.0 = Release|Any CPU
		{78A40273-5BAA-4FEF-82FB-390736D01503}.Debug|Any CPU.ActiveCfg = Debug|Any CPU
		{78A40273-5BAA-4FEF-82FB-390736D01503}.Debug|Any CPU.Build.0 = Debug|Any CPU
		{78A40273-5BAA-4FEF-82FB-390736D01503}.Release|Any CPU.ActiveCfg = Release|Any CPU
		{78A40273-5BAA-4FEF-82FB-390736D01503}.Release|Any CPU.Build.0 = Release|Any CPU
		{D132D9C7-2FB8-4C89-84AB-54A1A65532F1}.Debug|Any CPU.ActiveCfg = Debug|Any CPU
		{D132D9C7-2FB8-4C89-84AB-54A1A65532F1}.Debug|Any CPU.Build.0 = Debug|Any CPU
		{D132D9C7-2FB8-4C89-84AB-54A1A65532F1}.Release|Any CPU.ActiveCfg = Release|Any CPU
		{D132D9C7-2FB8-4C89-84AB-54A1A65532F1}.Release|Any CPU.Build.0 = Release|Any CPU
		{3919D695-CBD3-48F8-B799-339F1F52525F}.Debug|Any CPU.ActiveCfg = Debug|Any CPU
		{3919D695-CBD3-48F8-B799-339F1F52525F}.Debug|Any CPU.Build.0 = Debug|Any CPU
		{3919D695-CBD3-48F8-B799-339F1F52525F}.Release|Any CPU.ActiveCfg = Release|Any CPU
		{3919D695-CBD3-48F8-B799-339F1F52525F}.Release|Any CPU.Build.0 = Release|Any CPU
		{BDC85158-71A5-40EC-8EC5-008AAB403E1A}.Debug|Any CPU.ActiveCfg = Debug|Any CPU
		{BDC85158-71A5-40EC-8EC5-008AAB403E1A}.Debug|Any CPU.Build.0 = Debug|Any CPU
		{BDC85158-71A5-40EC-8EC5-008AAB403E1A}.Release|Any CPU.ActiveCfg = Release|Any CPU
		{BDC85158-71A5-40EC-8EC5-008AAB403E1A}.Release|Any CPU.Build.0 = Release|Any CPU
	EndGlobalSection
	GlobalSection(SolutionProperties) = preSolution
		HideSolutionNode = FALSE
	EndGlobalSection
EndGlobal
